
Microsoft Visual Studio Solution File, Format Version 11.00
# Visual Studio 2010
Project("{2150E333-8FDC-42A3-9474-1A3956D46DE8}") = "Sample", "Sample", "{CDED0046-AE9A-4238-B973-6F9D9F1B8FD7}"
EndProject
Project("{FAE04EC0-301F-11D3-BF4B-00C04F79EFBC}") = "CodeSharp.EventSourcing", "src\CodeSharp.EventSourcing\CodeSharp.EventSourcing.csproj", "{F884F01A-ED67-4F21-8576-FD2588491B24}"
EndProject
Project("{FAE04EC0-301F-11D3-BF4B-00C04F79EFBC}") = "EventSourcing.Sample.Model", "src\Sample\EventSourcing.Sample.Model\EventSourcing.Sample.Model.csproj", "{B2E0767E-3441-493E-9ACF-CA01100E2741}"
EndProject
Project("{FAE04EC0-301F-11D3-BF4B-00C04F79EFBC}") = "EventSourcing.Sample.Application", "src\Sample\EventSourcing.Sample.Application\EventSourcing.Sample.Application.csproj", "{01BA7824-D469-43A7-BD6D-3FD5DB2C537B}"
EndProject
Project("{FAE04EC0-301F-11D3-BF4B-00C04F79EFBC}") = "EventSourcing.Sample.EventSubscribers", "src\Sample\EventSourcing.Sample.EventSubscribers\EventSourcing.Sample.EventSubscribers.csproj", "{BC2C4E31-AFFD-433A-815E-A92889E81265}"
EndProject
Project("{FAE04EC0-301F-11D3-BF4B-00C04F79EFBC}") = "EventSourcing.Sample.Test", "src\Sample\EventSourcing.Sample.Test\EventSourcing.Sample.Test.csproj", "{E533D5F2-1E0D-49CD-9ED0-5F9D78CD6287}"
EndProject
Project("{2150E333-8FDC-42A3-9474-1A3956D46DE8}") = "Extensions", "Extensions", "{27663D2E-053A-4AAD-B68A-F02430D0790E}"
EndProject
Project("{FAE04EC0-301F-11D3-BF4B-00C04F79EFBC}") = "CodeSharp.EventSourcing.Container.Windsor", "src\Extensions\CodeSharp.EventSourcing.Container.Windsor\CodeSharp.EventSourcing.Container.Windsor.csproj", "{22ABACD3-1B32-434D-B8F1-6EC34DEF5815}"
EndProject
Project("{FAE04EC0-301F-11D3-BF4B-00C04F79EFBC}") = "EventSourcing.Sample.Host", "src\Sample\EventSourcing.Sample.Host\EventSourcing.Sample.Host.csproj", "{CD87D9A6-C0F9-4443-A71E-F798E264BEA5}"
EndProject
Project("{2150E333-8FDC-42A3-9474-1A3956D46DE8}") = "scripts", "scripts", "{38098724-5CF0-48AA-B4BA-E96BD6414074}"
	ProjectSection(SolutionItems) = preProject
		scripts\TableGenerateSQL.sql = scripts\TableGenerateSQL.sql
	EndProjectSection
EndProject
Project("{FAE04EC0-301F-11D3-BF4B-00C04F79EFBC}") = "CodeSharp.EventSourcing.NHibernate", "src\Extensions\CodeSharp.EventSourcing.NHibernate\CodeSharp.EventSourcing.NHibernate.csproj", "{986B1FC3-AFDA-4D9D-A340-298DECA2B0FB}"
EndProject
Project("{FAE04EC0-301F-11D3-BF4B-00C04F79EFBC}") = "CodeSharp.EventSourcing.Container.Unity", "src\Extensions\CodeSharp.EventSourcing.Container.Unity\CodeSharp.EventSourcing.Container.Unity.csproj", "{8A897CA8-A953-48D4-8014-1D30E760DE6F}"
EndProject
Project("{FAE04EC0-301F-11D3-BF4B-00C04F79EFBC}") = "CodeSharp.EventSourcing.Container.StructureMap", "src\Extensions\CodeSharp.EventSourcing.Container.StructureMap\CodeSharp.EventSourcing.Container.StructureMap.csproj", "{5CA1D7A2-D739-4B46-971C-3A205C6C3951}"
EndProject
Project("{FAE04EC0-301F-11D3-BF4B-00C04F79EFBC}") = "EventSourcing.Sample.ConsoleApp", "src\Sample\EventSourcing.Sample.ConsoleApp\EventSourcing.Sample.ConsoleApp.csproj", "{ECA04279-0E37-454D-A7B0-C5B3B08A6312}"
EndProject
Project("{FAE04EC0-301F-11D3-BF4B-00C04F79EFBC}") = "EventSourcing.Sample.SyncEventBus", "src\Sample\EventSourcing.Sample.SyncEventBus\EventSourcing.Sample.SyncEventBus.csproj", "{912B8AA8-D06A-4748-B1C0-DDA97ADA6409}"
EndProject
Project("{FAE04EC0-301F-11D3-BF4B-00C04F79EFBC}") = "EventSourcing.Sample.AsyncEventBus", "src\Sample\EventSourcing.Sample.AsyncEventBus\EventSourcing.Sample.AsyncEventBus.csproj", "{503609F6-754D-4947-8C34-247E03B2D17E}"
EndProject
Project("{FAE04EC0-301F-11D3-BF4B-00C04F79EFBC}") = "EventSourcing.Sample.AsyncEventBus.Host", "src\Sample\EventSourcing.Sample.AsyncEventBus.Host\EventSourcing.Sample.AsyncEventBus.Host.csproj", "{AE97E274-FF40-465D-8FD8-A1FEE0A2A142}"
EndProject
Project("{2150E333-8FDC-42A3-9474-1A3956D46DE8}") = "AsyncEventBus", "AsyncEventBus", "{DD2CC6D0-2217-427E-BA0B-81B258454B08}"
EndProject
Project("{2150E333-8FDC-42A3-9474-1A3956D46DE8}") = "SyncEventBus", "SyncEventBus", "{BBAA92F2-B25B-4364-B05D-D3456E4B6EDB}"
EndProject
Project("{2150E333-8FDC-42A3-9474-1A3956D46DE8}") = "CustomizeSourcableEvent", "CustomizeSourcableEvent", "{71C39106-936C-41CE-BB31-8583C36DD837}"
EndProject
Project("{FAE04EC0-301F-11D3-BF4B-00C04F79EFBC}") = "EventSourcing.Sample.CustomizeSourcableEvent", "src\Sample\EventSourcing.Sample.CustomizeSourcableEvent\EventSourcing.Sample.CustomizeSourcableEvent.csproj", "{29B52E94-A39E-40DB-AB52-E892B1C2ABCB}"
EndProject
Project("{2150E333-8FDC-42A3-9474-1A3956D46DE8}") = "CustomizeConfigurationInitializer", "CustomizeConfigurationInitializer", "{BE79D82D-3B84-40E0-8F4B-5EB584DA2AA5}"
EndProject
Project("{FAE04EC0-301F-11D3-BF4B-00C04F79EFBC}") = "EventSourcing.Sample.CustomizeConfigurationInitializer", "src\Sample\EventSourcing.Sample.CustomizeConfigurationInitializer\EventSourcing.Sample.CustomizeConfigurationInitializer.csproj", "{7ADCA254-77A8-4C1B-958C-0D989D4EE615}"
EndProject
Project("{2150E333-8FDC-42A3-9474-1A3956D46DE8}") = "CustomizeContainer", "CustomizeContainer", "{0682BA56-1CA4-46AC-B532-F7F494C108F1}"
EndProject
Project("{FAE04EC0-301F-11D3-BF4B-00C04F79EFBC}") = "EventSourcing.Sample.CustomizeContainer", "src\Sample\EventSourcing.Sample.CustomizeContainer\EventSourcing.Sample.CustomizeContainer.csproj", "{C8E16CF2-9388-47A4-912B-B7BB79D05BCB}"
EndProject
Project("{2150E333-8FDC-42A3-9474-1A3956D46DE8}") = "NHibernateIntegration", "NHibernateIntegration", "{6A95B469-1683-4489-891D-CA47AF1DB2FD}"
EndProject
Project("{FAE04EC0-301F-11D3-BF4B-00C04F79EFBC}") = "EventSourcing.Sample.NHibernateIntegration", "src\Sample\EventSourcing.Sample.NHibernateIntegration\EventSourcing.Sample.NHibernateIntegration.csproj", "{39B8441C-9DDF-42B5-92A2-02F8CBBBFAB9}"
EndProject
Global
	GlobalSection(SolutionConfigurationPlatforms) = preSolution
		Debug|Any CPU = Debug|Any CPU
		Debug|Mixed Platforms = Debug|Mixed Platforms
		Debug|x86 = Debug|x86
		Release|Any CPU = Release|Any CPU
		Release|Mixed Platforms = Release|Mixed Platforms
		Release|x86 = Release|x86
	EndGlobalSection
	GlobalSection(ProjectConfigurationPlatforms) = postSolution
		{F884F01A-ED67-4F21-8576-FD2588491B24}.Debug|Any CPU.ActiveCfg = Debug|Any CPU
		{F884F01A-ED67-4F21-8576-FD2588491B24}.Debug|Any CPU.Build.0 = Debug|Any CPU
		{F884F01A-ED67-4F21-8576-FD2588491B24}.Debug|Mixed Platforms.ActiveCfg = Debug|Any CPU
		{F884F01A-ED67-4F21-8576-FD2588491B24}.Debug|Mixed Platforms.Build.0 = Debug|Any CPU
		{F884F01A-ED67-4F21-8576-FD2588491B24}.Debug|x86.ActiveCfg = Debug|Any CPU
		{F884F01A-ED67-4F21-8576-FD2588491B24}.Release|Any CPU.ActiveCfg = Release|Any CPU
		{F884F01A-ED67-4F21-8576-FD2588491B24}.Release|Any CPU.Build.0 = Release|Any CPU
		{F884F01A-ED67-4F21-8576-FD2588491B24}.Release|Mixed Platforms.ActiveCfg = Release|Any CPU
		{F884F01A-ED67-4F21-8576-FD2588491B24}.Release|Mixed Platforms.Build.0 = Release|Any CPU
		{F884F01A-ED67-4F21-8576-FD2588491B24}.Release|x86.ActiveCfg = Release|Any CPU
		{B2E0767E-3441-493E-9ACF-CA01100E2741}.Debug|Any CPU.ActiveCfg = Debug|Any CPU
		{B2E0767E-3441-493E-9ACF-CA01100E2741}.Debug|Any CPU.Build.0 = Debug|Any CPU
		{B2E0767E-3441-493E-9ACF-CA01100E2741}.Debug|Mixed Platforms.ActiveCfg = Debug|Any CPU
		{B2E0767E-3441-493E-9ACF-CA01100E2741}.Debug|Mixed Platforms.Build.0 = Debug|Any CPU
		{B2E0767E-3441-493E-9ACF-CA01100E2741}.Debug|x86.ActiveCfg = Debug|Any CPU
		{B2E0767E-3441-493E-9ACF-CA01100E2741}.Release|Any CPU.ActiveCfg = Release|Any CPU
		{B2E0767E-3441-493E-9ACF-CA01100E2741}.Release|Any CPU.Build.0 = Release|Any CPU
		{B2E0767E-3441-493E-9ACF-CA01100E2741}.Release|Mixed Platforms.ActiveCfg = Release|Any CPU
		{B2E0767E-3441-493E-9ACF-CA01100E2741}.Release|Mixed Platforms.Build.0 = Release|Any CPU
		{B2E0767E-3441-493E-9ACF-CA01100E2741}.Release|x86.ActiveCfg = Release|Any CPU
		{01BA7824-D469-43A7-BD6D-3FD5DB2C537B}.Debug|Any CPU.ActiveCfg = Debug|Any CPU
		{01BA7824-D469-43A7-BD6D-3FD5DB2C537B}.Debug|Any CPU.Build.0 = Debug|Any CPU
		{01BA7824-D469-43A7-BD6D-3FD5DB2C537B}.Debug|Mixed Platforms.ActiveCfg = Debug|Any CPU
		{01BA7824-D469-43A7-BD6D-3FD5DB2C537B}.Debug|Mixed Platforms.Build.0 = Debug|Any CPU
		{01BA7824-D469-43A7-BD6D-3FD5DB2C537B}.Debug|x86.ActiveCfg = Debug|Any CPU
		{01BA7824-D469-43A7-BD6D-3FD5DB2C537B}.Release|Any CPU.ActiveCfg = Release|Any CPU
		{01BA7824-D469-43A7-BD6D-3FD5DB2C537B}.Release|Any CPU.Build.0 = Release|Any CPU
		{01BA7824-D469-43A7-BD6D-3FD5DB2C537B}.Release|Mixed Platforms.ActiveCfg = Release|Any CPU
		{01BA7824-D469-43A7-BD6D-3FD5DB2C537B}.Release|Mixed Platforms.Build.0 = Release|Any CPU
		{01BA7824-D469-43A7-BD6D-3FD5DB2C537B}.Release|x86.ActiveCfg = Release|Any CPU
		{BC2C4E31-AFFD-433A-815E-A92889E81265}.Debug|Any CPU.ActiveCfg = Debug|Any CPU
		{BC2C4E31-AFFD-433A-815E-A92889E81265}.Debug|Any CPU.Build.0 = Debug|Any CPU
		{BC2C4E31-AFFD-433A-815E-A92889E81265}.Debug|Mixed Platforms.ActiveCfg = Debug|Any CPU
		{BC2C4E31-AFFD-433A-815E-A92889E81265}.Debug|Mixed Platforms.Build.0 = Debug|Any CPU
		{BC2C4E31-AFFD-433A-815E-A92889E81265}.Debug|x86.ActiveCfg = Debug|Any CPU
		{BC2C4E31-AFFD-433A-815E-A92889E81265}.Release|Any CPU.ActiveCfg = Release|Any CPU
		{BC2C4E31-AFFD-433A-815E-A92889E81265}.Release|Any CPU.Build.0 = Release|Any CPU
		{BC2C4E31-AFFD-433A-815E-A92889E81265}.Release|Mixed Platforms.ActiveCfg = Release|Any CPU
		{BC2C4E31-AFFD-433A-815E-A92889E81265}.Release|Mixed Platforms.Build.0 = Release|Any CPU
		{BC2C4E31-AFFD-433A-815E-A92889E81265}.Release|x86.ActiveCfg = Release|Any CPU
		{E533D5F2-1E0D-49CD-9ED0-5F9D78CD6287}.Debug|Any CPU.ActiveCfg = Debug|Any CPU
		{E533D5F2-1E0D-49CD-9ED0-5F9D78CD6287}.Debug|Any CPU.Build.0 = Debug|Any CPU
		{E533D5F2-1E0D-49CD-9ED0-5F9D78CD6287}.Debug|Mixed Platforms.ActiveCfg = Debug|Any CPU
		{E533D5F2-1E0D-49CD-9ED0-5F9D78CD6287}.Debug|Mixed Platforms.Build.0 = Debug|Any CPU
		{E533D5F2-1E0D-49CD-9ED0-5F9D78CD6287}.Debug|x86.ActiveCfg = Debug|Any CPU
		{E533D5F2-1E0D-49CD-9ED0-5F9D78CD6287}.Release|Any CPU.ActiveCfg = Release|Any CPU
		{E533D5F2-1E0D-49CD-9ED0-5F9D78CD6287}.Release|Any CPU.Build.0 = Release|Any CPU
		{E533D5F2-1E0D-49CD-9ED0-5F9D78CD6287}.Release|Mixed Platforms.ActiveCfg = Release|Any CPU
		{E533D5F2-1E0D-49CD-9ED0-5F9D78CD6287}.Release|Mixed Platforms.Build.0 = Release|Any CPU
		{E533D5F2-1E0D-49CD-9ED0-5F9D78CD6287}.Release|x86.ActiveCfg = Release|Any CPU
		{22ABACD3-1B32-434D-B8F1-6EC34DEF5815}.Debug|Any CPU.ActiveCfg = Debug|Any CPU
		{22ABACD3-1B32-434D-B8F1-6EC34DEF5815}.Debug|Any CPU.Build.0 = Debug|Any CPU
		{22ABACD3-1B32-434D-B8F1-6EC34DEF5815}.Debug|Mixed Platforms.ActiveCfg = Debug|Any CPU
		{22ABACD3-1B32-434D-B8F1-6EC34DEF5815}.Debug|Mixed Platforms.Build.0 = Debug|Any CPU
		{22ABACD3-1B32-434D-B8F1-6EC34DEF5815}.Debug|x86.ActiveCfg = Debug|Any CPU
		{22ABACD3-1B32-434D-B8F1-6EC34DEF5815}.Release|Any CPU.ActiveCfg = Release|Any CPU
		{22ABACD3-1B32-434D-B8F1-6EC34DEF5815}.Release|Any CPU.Build.0 = Release|Any CPU
		{22ABACD3-1B32-434D-B8F1-6EC34DEF5815}.Release|Mixed Platforms.ActiveCfg = Release|Any CPU
		{22ABACD3-1B32-434D-B8F1-6EC34DEF5815}.Release|Mixed Platforms.Build.0 = Release|Any CPU
		{22ABACD3-1B32-434D-B8F1-6EC34DEF5815}.Release|x86.ActiveCfg = Release|Any CPU
		{CD87D9A6-C0F9-4443-A71E-F798E264BEA5}.Debug|Any CPU.ActiveCfg = Debug|Any CPU
		{CD87D9A6-C0F9-4443-A71E-F798E264BEA5}.Debug|Any CPU.Build.0 = Debug|Any CPU
		{CD87D9A6-C0F9-4443-A71E-F798E264BEA5}.Debug|Mixed Platforms.ActiveCfg = Debug|Any CPU
		{CD87D9A6-C0F9-4443-A71E-F798E264BEA5}.Debug|Mixed Platforms.Build.0 = Debug|Any CPU
		{CD87D9A6-C0F9-4443-A71E-F798E264BEA5}.Debug|x86.ActiveCfg = Debug|Any CPU
		{CD87D9A6-C0F9-4443-A71E-F798E264BEA5}.Release|Any CPU.ActiveCfg = Release|Any CPU
		{CD87D9A6-C0F9-4443-A71E-F798E264BEA5}.Release|Any CPU.Build.0 = Release|Any CPU
		{CD87D9A6-C0F9-4443-A71E-F798E264BEA5}.Release|Mixed Platforms.ActiveCfg = Release|Any CPU
		{CD87D9A6-C0F9-4443-A71E-F798E264BEA5}.Release|Mixed Platforms.Build.0 = Release|Any CPU
		{CD87D9A6-C0F9-4443-A71E-F798E264BEA5}.Release|x86.ActiveCfg = Release|Any CPU
		{986B1FC3-AFDA-4D9D-A340-298DECA2B0FB}.Debug|Any CPU.ActiveCfg = Debug|Any CPU
		{986B1FC3-AFDA-4D9D-A340-298DECA2B0FB}.Debug|Any CPU.Build.0 = Debug|Any CPU
		{986B1FC3-AFDA-4D9D-A340-298DECA2B0FB}.Debug|Mixed Platforms.ActiveCfg = Debug|Any CPU
		{986B1FC3-AFDA-4D9D-A340-298DECA2B0FB}.Debug|Mixed Platforms.Build.0 = Debug|Any CPU
		{986B1FC3-AFDA-4D9D-A340-298DECA2B0FB}.Debug|x86.ActiveCfg = Debug|Any CPU
		{986B1FC3-AFDA-4D9D-A340-298DECA2B0FB}.Release|Any CPU.ActiveCfg = Release|Any CPU
		{986B1FC3-AFDA-4D9D-A340-298DECA2B0FB}.Release|Any CPU.Build.0 = Release|Any CPU
		{986B1FC3-AFDA-4D9D-A340-298DECA2B0FB}.Release|Mixed Platforms.ActiveCfg = Release|Any CPU
		{986B1FC3-AFDA-4D9D-A340-298DECA2B0FB}.Release|Mixed Platforms.Build.0 = Release|Any CPU
		{986B1FC3-AFDA-4D9D-A340-298DECA2B0FB}.Release|x86.ActiveCfg = Release|Any CPU
		{8A897CA8-A953-48D4-8014-1D30E760DE6F}.Debug|Any CPU.ActiveCfg = Debug|Any CPU
		{8A897CA8-A953-48D4-8014-1D30E760DE6F}.Debug|Any CPU.Build.0 = Debug|Any CPU
		{8A897CA8-A953-48D4-8014-1D30E760DE6F}.Debug|Mixed Platforms.ActiveCfg = Debug|Any CPU
		{8A897CA8-A953-48D4-8014-1D30E760DE6F}.Debug|Mixed Platforms.Build.0 = Debug|Any CPU
		{8A897CA8-A953-48D4-8014-1D30E760DE6F}.Debug|x86.ActiveCfg = Debug|Any CPU
		{8A897CA8-A953-48D4-8014-1D30E760DE6F}.Release|Any CPU.ActiveCfg = Release|Any CPU
		{8A897CA8-A953-48D4-8014-1D30E760DE6F}.Release|Any CPU.Build.0 = Release|Any CPU
		{8A897CA8-A953-48D4-8014-1D30E760DE6F}.Release|Mixed Platforms.ActiveCfg = Release|Any CPU
		{8A897CA8-A953-48D4-8014-1D30E760DE6F}.Release|Mixed Platforms.Build.0 = Release|Any CPU
		{8A897CA8-A953-48D4-8014-1D30E760DE6F}.Release|x86.ActiveCfg = Release|Any CPU
		{5CA1D7A2-D739-4B46-971C-3A205C6C3951}.Debug|Any CPU.ActiveCfg = Debug|Any CPU
		{5CA1D7A2-D739-4B46-971C-3A205C6C3951}.Debug|Any CPU.Build.0 = Debug|Any CPU
		{5CA1D7A2-D739-4B46-971C-3A205C6C3951}.Debug|Mixed Platforms.ActiveCfg = Debug|Any CPU
		{5CA1D7A2-D739-4B46-971C-3A205C6C3951}.Debug|Mixed Platforms.Build.0 = Debug|Any CPU
		{5CA1D7A2-D739-4B46-971C-3A205C6C3951}.Debug|x86.ActiveCfg = Debug|Any CPU
		{5CA1D7A2-D739-4B46-971C-3A205C6C3951}.Release|Any CPU.ActiveCfg = Release|Any CPU
		{5CA1D7A2-D739-4B46-971C-3A205C6C3951}.Release|Any CPU.Build.0 = Release|Any CPU
		{5CA1D7A2-D739-4B46-971C-3A205C6C3951}.Release|Mixed Platforms.ActiveCfg = Release|Any CPU
		{5CA1D7A2-D739-4B46-971C-3A205C6C3951}.Release|Mixed Platforms.Build.0 = Release|Any CPU
		{5CA1D7A2-D739-4B46-971C-3A205C6C3951}.Release|x86.ActiveCfg = Release|Any CPU
		{ECA04279-0E37-454D-A7B0-C5B3B08A6312}.Debug|Any CPU.ActiveCfg = Debug|x86
		{ECA04279-0E37-454D-A7B0-C5B3B08A6312}.Debug|Mixed Platforms.ActiveCfg = Debug|x86
		{ECA04279-0E37-454D-A7B0-C5B3B08A6312}.Debug|Mixed Platforms.Build.0 = Debug|x86
		{ECA04279-0E37-454D-A7B0-C5B3B08A6312}.Debug|x86.ActiveCfg = Debug|x86
		{ECA04279-0E37-454D-A7B0-C5B3B08A6312}.Debug|x86.Build.0 = Debug|x86
		{ECA04279-0E37-454D-A7B0-C5B3B08A6312}.Release|Any CPU.ActiveCfg = Release|x86
		{ECA04279-0E37-454D-A7B0-C5B3B08A6312}.Release|Mixed Platforms.ActiveCfg = Release|x86
		{ECA04279-0E37-454D-A7B0-C5B3B08A6312}.Release|Mixed Platforms.Build.0 = Release|x86
		{ECA04279-0E37-454D-A7B0-C5B3B08A6312}.Release|x86.ActiveCfg = Release|x86
		{ECA04279-0E37-454D-A7B0-C5B3B08A6312}.Release|x86.Build.0 = Release|x86
		{912B8AA8-D06A-4748-B1C0-DDA97ADA6409}.Debug|Any CPU.ActiveCfg = Debug|x86
		{912B8AA8-D06A-4748-B1C0-DDA97ADA6409}.Debug|Mixed Platforms.ActiveCfg = Debug|x86
		{912B8AA8-D06A-4748-B1C0-DDA97ADA6409}.Debug|Mixed Platforms.Build.0 = Debug|x86
		{912B8AA8-D06A-4748-B1C0-DDA97ADA6409}.Debug|x86.ActiveCfg = Debug|x86
		{912B8AA8-D06A-4748-B1C0-DDA97ADA6409}.Debug|x86.Build.0 = Debug|x86
		{912B8AA8-D06A-4748-B1C0-DDA97ADA6409}.Release|Any CPU.ActiveCfg = Release|x86
		{912B8AA8-D06A-4748-B1C0-DDA97ADA6409}.Release|Mixed Platforms.ActiveCfg = Release|x86
		{912B8AA8-D06A-4748-B1C0-DDA97ADA6409}.Release|Mixed Platforms.Build.0 = Release|x86
		{912B8AA8-D06A-4748-B1C0-DDA97ADA6409}.Release|x86.ActiveCfg = Release|x86
		{912B8AA8-D06A-4748-B1C0-DDA97ADA6409}.Release|x86.Build.0 = Release|x86
		{503609F6-754D-4947-8C34-247E03B2D17E}.Debug|Any CPU.ActiveCfg = Debug|x86
		{503609F6-754D-4947-8C34-247E03B2D17E}.Debug|Mixed Platforms.ActiveCfg = Debug|x86
		{503609F6-754D-4947-8C34-247E03B2D17E}.Debug|Mixed Platforms.Build.0 = Debug|x86
		{503609F6-754D-4947-8C34-247E03B2D17E}.Debug|x86.ActiveCfg = Debug|x86
		{503609F6-754D-4947-8C34-247E03B2D17E}.Debug|x86.Build.0 = Debug|x86
		{503609F6-754D-4947-8C34-247E03B2D17E}.Release|Any CPU.ActiveCfg = Release|x86
		{503609F6-754D-4947-8C34-247E03B2D17E}.Release|Mixed Platforms.ActiveCfg = Release|x86
		{503609F6-754D-4947-8C34-247E03B2D17E}.Release|Mixed Platforms.Build.0 = Release|x86
		{503609F6-754D-4947-8C34-247E03B2D17E}.Release|x86.ActiveCfg = Release|x86
		{503609F6-754D-4947-8C34-247E03B2D17E}.Release|x86.Build.0 = Release|x86
		{AE97E274-FF40-465D-8FD8-A1FEE0A2A142}.Debug|Any CPU.ActiveCfg = Debug|x86
		{AE97E274-FF40-465D-8FD8-A1FEE0A2A142}.Debug|Mixed Platforms.ActiveCfg = Debug|x86
		{AE97E274-FF40-465D-8FD8-A1FEE0A2A142}.Debug|Mixed Platforms.Build.0 = Debug|x86
		{AE97E274-FF40-465D-8FD8-A1FEE0A2A142}.Debug|x86.ActiveCfg = Debug|x86
		{AE97E274-FF40-465D-8FD8-A1FEE0A2A142}.Debug|x86.Build.0 = Debug|x86
		{AE97E274-FF40-465D-8FD8-A1FEE0A2A142}.Release|Any CPU.ActiveCfg = Release|x86
		{AE97E274-FF40-465D-8FD8-A1FEE0A2A142}.Release|Mixed Platforms.ActiveCfg = Release|x86
		{AE97E274-FF40-465D-8FD8-A1FEE0A2A142}.Release|Mixed Platforms.Build.0 = Release|x86
		{AE97E274-FF40-465D-8FD8-A1FEE0A2A142}.Release|x86.ActiveCfg = Release|x86
		{AE97E274-FF40-465D-8FD8-A1FEE0A2A142}.Release|x86.Build.0 = Release|x86
		{29B52E94-A39E-40DB-AB52-E892B1C2ABCB}.Debug|Any CPU.ActiveCfg = Debug|x86
		{29B52E94-A39E-40DB-AB52-E892B1C2ABCB}.Debug|Mixed Platforms.ActiveCfg = Debug|x86
		{29B52E94-A39E-40DB-AB52-E892B1C2ABCB}.Debug|Mixed Platforms.Build.0 = Debug|x86
		{29B52E94-A39E-40DB-AB52-E892B1C2ABCB}.Debug|x86.ActiveCfg = Debug|x86
		{29B52E94-A39E-40DB-AB52-E892B1C2ABCB}.Debug|x86.Build.0 = Debug|x86
		{29B52E94-A39E-40DB-AB52-E892B1C2ABCB}.Release|Any CPU.ActiveCfg = Release|x86
		{29B52E94-A39E-40DB-AB52-E892B1C2ABCB}.Release|Mixed Platforms.ActiveCfg = Release|x86
		{29B52E94-A39E-40DB-AB52-E892B1C2ABCB}.Release|Mixed Platforms.Build.0 = Release|x86
		{29B52E94-A39E-40DB-AB52-E892B1C2ABCB}.Release|x86.ActiveCfg = Release|x86
		{29B52E94-A39E-40DB-AB52-E892B1C2ABCB}.Release|x86.Build.0 = Release|x86
		{7ADCA254-77A8-4C1B-958C-0D989D4EE615}.Debug|Any CPU.ActiveCfg = Debug|x86
		{7ADCA254-77A8-4C1B-958C-0D989D4EE615}.Debug|Mixed Platforms.ActiveCfg = Debug|x86
		{7ADCA254-77A8-4C1B-958C-0D989D4EE615}.Debug|Mixed Platforms.Build.0 = Debug|x86
		{7ADCA254-77A8-4C1B-958C-0D989D4EE615}.Debug|x86.ActiveCfg = Debug|x86
		{7ADCA254-77A8-4C1B-958C-0D989D4EE615}.Debug|x86.Build.0 = Debug|x86
		{7ADCA254-77A8-4C1B-958C-0D989D4EE615}.Release|Any CPU.ActiveCfg = Release|x86
		{7ADCA254-77A8-4C1B-958C-0D989D4EE615}.Release|Mixed Platforms.ActiveCfg = Release|x86
		{7ADCA254-77A8-4C1B-958C-0D989D4EE615}.Release|Mixed Platforms.Build.0 = Release|x86
		{7ADCA254-77A8-4C1B-958C-0D989D4EE615}.Release|x86.ActiveCfg = Release|x86
		{7ADCA254-77A8-4C1B-958C-0D989D4EE615}.Release|x86.Build.0 = Release|x86
		{C8E16CF2-9388-47A4-912B-B7BB79D05BCB}.Debug|Any CPU.ActiveCfg = Debug|x86
		{C8E16CF2-9388-47A4-912B-B7BB79D05BCB}.Debug|Mixed Platforms.ActiveCfg = Debug|x86
		{C8E16CF2-9388-47A4-912B-B7BB79D05BCB}.Debug|Mixed Platforms.Build.0 = Debug|x86
		{C8E16CF2-9388-47A4-912B-B7BB79D05BCB}.Debug|x86.ActiveCfg = Debug|x86
		{C8E16CF2-9388-47A4-912B-B7BB79D05BCB}.Debug|x86.Build.0 = Debug|x86
		{C8E16CF2-9388-47A4-912B-B7BB79D05BCB}.Release|Any CPU.ActiveCfg = Release|x86
		{C8E16CF2-9388-47A4-912B-B7BB79D05BCB}.Release|Mixed Platforms.ActiveCfg = Release|x86
		{C8E16CF2-9388-47A4-912B-B7BB79D05BCB}.Release|Mixed Platforms.Build.0 = Release|x86
		{C8E16CF2-9388-47A4-912B-B7BB79D05BCB}.Release|x86.ActiveCfg = Release|x86
		{C8E16CF2-9388-47A4-912B-B7BB79D05BCB}.Release|x86.Build.0 = Release|x86
		{39B8441C-9DDF-42B5-92A2-02F8CBBBFAB9}.Debug|Any CPU.ActiveCfg = Debug|x86
		{39B8441C-9DDF-42B5-92A2-02F8CBBBFAB9}.Debug|Mixed Platforms.ActiveCfg = Debug|x86
		{39B8441C-9DDF-42B5-92A2-02F8CBBBFAB9}.Debug|Mixed Platforms.Build.0 = Debug|x86
		{39B8441C-9DDF-42B5-92A2-02F8CBBBFAB9}.Debug|x86.ActiveCfg = Debug|x86
		{39B8441C-9DDF-42B5-92A2-02F8CBBBFAB9}.Debug|x86.Build.0 = Debug|x86
		{39B8441C-9DDF-42B5-92A2-02F8CBBBFAB9}.Release|Any CPU.ActiveCfg = Release|x86
		{39B8441C-9DDF-42B5-92A2-02F8CBBBFAB9}.Release|Mixed Platforms.ActiveCfg = Release|x86
		{39B8441C-9DDF-42B5-92A2-02F8CBBBFAB9}.Release|Mixed Platforms.Build.0 = Release|x86
		{39B8441C-9DDF-42B5-92A2-02F8CBBBFAB9}.Release|x86.ActiveCfg = Release|x86
		{39B8441C-9DDF-42B5-92A2-02F8CBBBFAB9}.Release|x86.Build.0 = Release|x86
	EndGlobalSection
	GlobalSection(SolutionProperties) = preSolution
		HideSolutionNode = FALSE
	EndGlobalSection
	GlobalSection(NestedProjects) = preSolution
		{B2E0767E-3441-493E-9ACF-CA01100E2741} = {CDED0046-AE9A-4238-B973-6F9D9F1B8FD7}
		{01BA7824-D469-43A7-BD6D-3FD5DB2C537B} = {CDED0046-AE9A-4238-B973-6F9D9F1B8FD7}
		{BC2C4E31-AFFD-433A-815E-A92889E81265} = {CDED0046-AE9A-4238-B973-6F9D9F1B8FD7}
		{E533D5F2-1E0D-49CD-9ED0-5F9D78CD6287} = {CDED0046-AE9A-4238-B973-6F9D9F1B8FD7}
		{CD87D9A6-C0F9-4443-A71E-F798E264BEA5} = {CDED0046-AE9A-4238-B973-6F9D9F1B8FD7}
		{ECA04279-0E37-454D-A7B0-C5B3B08A6312} = {CDED0046-AE9A-4238-B973-6F9D9F1B8FD7}
		{BBAA92F2-B25B-4364-B05D-D3456E4B6EDB} = {CDED0046-AE9A-4238-B973-6F9D9F1B8FD7}
		{DD2CC6D0-2217-427E-BA0B-81B258454B08} = {CDED0046-AE9A-4238-B973-6F9D9F1B8FD7}
		{71C39106-936C-41CE-BB31-8583C36DD837} = {CDED0046-AE9A-4238-B973-6F9D9F1B8FD7}
		{BE79D82D-3B84-40E0-8F4B-5EB584DA2AA5} = {CDED0046-AE9A-4238-B973-6F9D9F1B8FD7}
		{0682BA56-1CA4-46AC-B532-F7F494C108F1} = {CDED0046-AE9A-4238-B973-6F9D9F1B8FD7}
		{6A95B469-1683-4489-891D-CA47AF1DB2FD} = {CDED0046-AE9A-4238-B973-6F9D9F1B8FD7}
		{22ABACD3-1B32-434D-B8F1-6EC34DEF5815} = {27663D2E-053A-4AAD-B68A-F02430D0790E}
		{986B1FC3-AFDA-4D9D-A340-298DECA2B0FB} = {27663D2E-053A-4AAD-B68A-F02430D0790E}
		{8A897CA8-A953-48D4-8014-1D30E760DE6F} = {27663D2E-053A-4AAD-B68A-F02430D0790E}
		{5CA1D7A2-D739-4B46-971C-3A205C6C3951} = {27663D2E-053A-4AAD-B68A-F02430D0790E}
		{912B8AA8-D06A-4748-B1C0-DDA97ADA6409} = {BBAA92F2-B25B-4364-B05D-D3456E4B6EDB}
		{AE97E274-FF40-465D-8FD8-A1FEE0A2A142} = {DD2CC6D0-2217-427E-BA0B-81B258454B08}
		{503609F6-754D-4947-8C34-247E03B2D17E} = {DD2CC6D0-2217-427E-BA0B-81B258454B08}
		{29B52E94-A39E-40DB-AB52-E892B1C2ABCB} = {71C39106-936C-41CE-BB31-8583C36DD837}
		{7ADCA254-77A8-4C1B-958C-0D989D4EE615} = {BE79D82D-3B84-40E0-8F4B-5EB584DA2AA5}
		{C8E16CF2-9388-47A4-912B-B7BB79D05BCB} = {0682BA56-1CA4-46AC-B532-F7F494C108F1}
		{39B8441C-9DDF-42B5-92A2-02F8CBBBFAB9} = {6A95B469-1683-4489-891D-CA47AF1DB2FD}
	EndGlobalSection
	GlobalSection(ExtensibilityGlobals) = postSolution
		EnterpriseLibraryConfigurationToolBinariesPath = packages\Unity.2.1.505.2\lib\NET35
	EndGlobalSection
EndGlobal
